
Microsoft Visual Studio Solution File, Format Version 12.00
# Visual Studio Version 16
VisualStudioVersion = 16.0.29020.237
MinimumVisualStudioVersion = 10.0.40219.1
Project("{9A19103F-16F7-4668-BE54-9A1E7A4F7556}") = "CSHARP", "CSHARP.csproj", "{C7F5579D-09F3-4C72-886A-582C7B1136F1}"
EndProject
Global
	GlobalSection(SolutionConfigurationPlatforms) = preSolution
		Debug|Any CPU = Debug|Any CPU
		Release|Any CPU = Release|Any CPU
	EndGlobalSection
	GlobalSection(ProjectConfigurationPlatforms) = postSolution
		{C7F5579D-09F3-4C72-886A-582C7B1136F1}.Debug|Any CPU.ActiveCfg = Debug|Any CPU
		{C7F5579D-09F3-4C72-886A-582C7B1136F1}.Debug|Any CPU.Build.0 = Debug|Any CPU
		{C7F5579D-09F3-4C72-886A-582C7B1136F1}.Release|Any CPU.ActiveCfg = Release|Any CPU
		{C7F5579D-09F3-4C72-886A-582C7B1136F1}.Release|Any CPU.Build.0 = Release|Any CPU
	EndGlobalSection
	GlobalSection(SolutionProperties) = preSolution
		HideSolutionNode = FALSE
	EndGlobalSection
	GlobalSection(ExtensibilityGlobals) = postSolution
		SolutionGuid = {03FC9F75-7534-4A98-A1F0-19D7A115756D}
	EndGlobalSection
EndGlobal
